{
  "requires": true,
  "lockfileVersion": 1,
  "dependencies": {
    "foundation-sites": {
      "version": "6.6.1",
      "resolved": "https://registry.npmjs.org/foundation-sites/-/foundation-sites-6.6.1.tgz",
      "integrity": "sha512-4GrCL8L3osFJM6WCNRIQs5kGX5BCKNuO2zzQN68lUTblgpH7FUE28ctkbNFqoTnkUmWARj5VtiS3oQob3H0eZA=="
    }
  }
}
